{
  "items": {
    "scaffold-float": {
      "files": {
        "src/lib/ui/scaffold-float.svelte": "afc2b56183015c1708ac424c12405a1175dddc56a9ae1b6b1e205050fe4e1ca5"
      }
    },
    "terminal-header": {
      "files": {
        "src/lib/ui/terminal-header.svelte": "36715e58c707956cea81e8cb401c8fbbaff69d503aec42bf1a2098017bee44e5"
      }
    },
    "terminal-footer": {
      "files": {
        "src/lib/ui/terminal-footer.svelte": "de2ba8888036a29795ae65598414612b57b3a9365d7ff01ab930fa61ee6cc6f9"
      }
    },
    "theme-toggle": {
      "files": {
        "src/lib/ui/theme-toggle.svelte": "d874234c1b407e194dd265c242f32cf5f44d047185e60245235d869260206bdd"
      }
    },
    "terminal-card": {
      "files": {
        "src/lib/ui/terminal-card.svelte": "dd8fcaec2122fda809f394b4c391148ed083712cb0d9fd419c9298d45c24d009"
      }
    },
    "hero-section": {
      "files": {
        "src/lib/ui/hero-section.svelte": "74a855051d53aaafed226a4a5b72052660fb651d3e5f96befd8229d117320feb"
      }
    }
  }
}
